schema: '2.0'
stages:
  preprocess:
    cmd: python scripts/preprocess.py
    deps:
    - path: scripts/preprocess.py
      hash: md5
      md5: 242a19691924b86811a73df45a5f4ef8
      size: 1537
    - path: src/data/make_dataset.py
      hash: md5
      md5: 34b5c05e176c91d914c611f3ab55873b
      size: 1092
    - path: src/data/preprocess.py
      hash: md5
      md5: 4d7f924ae2a1cd4de4d1bf4e5b0f8df7
      size: 3723
    - path: src/features/build.py
      hash: md5
      md5: d54ab6bcb9265191bfe669be00104daf
      size: 3523
    params:
      settings/config.yaml:
        preprocessing:
          text_col: text
          target_col: target
          stemmed_col: preprocessed_text
          lemma_col: clean_text
          tokens_col: tokens
        split:
          train_size: 0.7
          val_size: 0.15
          test_size: 0.15
          random_state: 42
    outs:
    - path: data/processed/test.parquet
      hash: md5
      md5: 461ca1e404f37f30a9044d29f668f183
      size: 467400
    - path: data/processed/train.parquet
      hash: md5
      md5: b88a47e7dc140e9bd19af9202e118d3c
      size: 1978390
    - path: data/processed/val.parquet
      hash: md5
      md5: b352f0161358a057157b4403e9529000
      size: 471643
  train:
    cmd: python scripts/train.py
    deps:
    - path: data/processed/test.parquet
      hash: md5
      md5: 461ca1e404f37f30a9044d29f668f183
      size: 467400
    - path: data/processed/train.parquet
      hash: md5
      md5: b88a47e7dc140e9bd19af9202e118d3c
      size: 1978390
    - path: data/processed/val.parquet
      hash: md5
      md5: b352f0161358a057157b4403e9529000
      size: 471643
    - path: scripts/train.py
      hash: md5
      md5: 3623bef74477347a5d9bb625c858e4f4
      size: 3060
    - path: src/models/train.py
      hash: md5
      md5: 9c25192014a5d0a349bbec5d15bed8fd
      size: 1157
    params:
      settings/config.yaml:
        features:
          numeric_all:
          - kw_disaster_rate
          - has_numbers
          - text_length
          - has_url
          - exclamation_count
          - question_count
          - has_location
          - word_count
          - token_count
          - unique_tokens
          - preprocessed_len
          - ttr
          - compression_ratio
          - avg_word_length
          - uppercase_ratio
          - is_retweet
          numeric_linear:
          - kw_disaster_rate
          - has_numbers
          - text_length
          - has_url
          - exclamation_count
          - question_count
          - has_location
        tfidf:
          ngram_range:
          - 1
          - 2
          max_features: 10000
          min_df: 3
          sublinear_tf: true
    outs:
    - path: reports/metrics.json
      hash: md5
      md5: bd8c8b15541d440f965de424c2685f43
      size: 55
